// !$*UTF8*$!
{
	archiveVersion = 1;
	classes = {
	};
	objectVersion = 46;
	objects = {

/* Begin PBXBuildFile section */
		2DA7826FB0B5038EBD823AB2 /* Pods_Huo360.framework in Frameworks */ = {isa = PBXBuildFile; fileRef = 17152D3604CC0D0D74F5BEC9 /* Pods_Huo360.framework */; };
		3E2EE0FB5ADE2B8B387053F6 /* SecondViewController.swift in Sources */ = {isa = PBXBuildFile; fileRef = 3E2EEE2FEFEC8DD2EE45AC30 /* SecondViewController.swift */; };
		3E2EEED038007EB297F87CF4 /* NewsViewController.swift in Sources */ = {isa = PBXBuildFile; fileRef = 3E2EE439786E6A26326E4093 /* NewsViewController.swift */; };
		610A142A1E27AF9F00D158FD /* Crawler.swift in Sources */ = {isa = PBXBuildFile; fileRef = 3E2EE9A61F23DAA63803749C /* Crawler.swift */; };
		610A142B1E27AFB700D158FD /* Data.swift in Sources */ = {isa = PBXBuildFile; fileRef = 61373AF21E26219900B4264C /* Data.swift */; };
		610A142C1E27AFBA00D158FD /* CloseHTML.swift in Sources */ = {isa = PBXBuildFile; fileRef = 61373AF81E26D21D00B4264C /* CloseHTML.swift */; };
		613109421E295FE1009296F0 /* UILabelExtension.swift in Sources */ = {isa = PBXBuildFile; fileRef = 613109411E295FE1009296F0 /* UILabelExtension.swift */; };
		61373AF51E267B8B00B4264C /* HuoObject.swift in Sources */ = {isa = PBXBuildFile; fileRef = 61373AF41E267B8B00B4264C /* HuoObject.swift */; };
		61373AF71E268DBD00B4264C /* Parse2HuoObj.swift in Sources */ = {isa = PBXBuildFile; fileRef = 61373AF61E268DBD00B4264C /* Parse2HuoObj.swift */; };
		6152AEA01E28D8CA00DA094E /* NewsViewCell.swift in Sources */ = {isa = PBXBuildFile; fileRef = 6152AE9F1E28D8CA00DA094E /* NewsViewCell.swift */; };
		6152AEA21E29154600DA094E /* UIImageViewExtension.swift in Sources */ = {isa = PBXBuildFile; fileRef = 6152AEA11E29154600DA094E /* UIImageViewExtension.swift */; };
		6152AEA41E292ABE00DA094E /* NewsArticleViewController.swift in Sources */ = {isa = PBXBuildFile; fileRef = 6152AEA31E292ABE00DA094E /* NewsArticleViewController.swift */; };
		6153C2EA1E226041007268E9 /* AppDelegate.swift in Sources */ = {isa = PBXBuildFile; fileRef = 6153C2E91E226041007268E9 /* AppDelegate.swift */; };
		6153C2F11E226042007268E9 /* Main.storyboard in Resources */ = {isa = PBXBuildFile; fileRef = 6153C2EF1E226042007268E9 /* Main.storyboard */; };
		6153C2F31E226042007268E9 /* Assets.xcassets in Resources */ = {isa = PBXBuildFile; fileRef = 6153C2F21E226042007268E9 /* Assets.xcassets */; };
		6153C2F61E226042007268E9 /* LaunchScreen.storyboard in Resources */ = {isa = PBXBuildFile; fileRef = 6153C2F41E226042007268E9 /* LaunchScreen.storyboard */; };
		6153C3011E226042007268E9 /* Huo360Tests.swift in Sources */ = {isa = PBXBuildFile; fileRef = 6153C3001E226042007268E9 /* Huo360Tests.swift */; };
		6153C30C1E226042007268E9 /* Huo360UITests.swift in Sources */ = {isa = PBXBuildFile; fileRef = 6153C30B1E226042007268E9 /* Huo360UITests.swift */; };
		6153C31C1E23D59B007268E9 /* HTTP.swift in Sources */ = {isa = PBXBuildFile; fileRef = 6153C31B1E23D59B007268E9 /* HTTP.swift */; };
		6153C31E1E23D5AD007268E9 /* HTMLParser.swift in Sources */ = {isa = PBXBuildFile; fileRef = 6153C31D1E23D5AD007268E9 /* HTMLParser.swift */; };
/* End PBXBuildFile section */

/* Begin PBXContainerItemProxy section */
		6153C2FD1E226042007268E9 /* PBXContainerItemProxy */ = {
			isa = PBXContainerItemProxy;
			containerPortal = 6153C2DE1E226041007268E9 /* Project object */;
			proxyType = 1;
			remoteGlobalIDString = 6153C2E51E226041007268E9;
			remoteInfo = Huo360;
		};
		6153C3081E226042007268E9 /* PBXContainerItemProxy */ = {
			isa = PBXContainerItemProxy;
			containerPortal = 6153C2DE1E226041007268E9 /* Project object */;
			proxyType = 1;
			remoteGlobalIDString = 6153C2E51E226041007268E9;
			remoteInfo = Huo360;
		};
/* End PBXContainerItemProxy section */

/* Begin PBXFileReference section */
		17152D3604CC0D0D74F5BEC9 /* Pods_Huo360.framework */ = {isa = PBXFileReference; explicitFileType = wrapper.framework; includeInIndex = 0; path = Pods_Huo360.framework; sourceTree = BUILT_PRODUCTS_DIR; };
		3E2EE439786E6A26326E4093 /* NewsViewController.swift */ = {isa = PBXFileReference; fileEncoding = 4; lastKnownFileType = sourcecode.swift; path = NewsViewController.swift; sourceTree = "<group>"; };
		3E2EE9A61F23DAA63803749C /* Crawler.swift */ = {isa = PBXFileReference; fileEncoding = 4; lastKnownFileType = sourcecode.swift; path = Crawler.swift; sourceTree = "<group>"; };
		3E2EEE2FEFEC8DD2EE45AC30 /* SecondViewController.swift */ = {isa = PBXFileReference; fileEncoding = 4; lastKnownFileType = sourcecode.swift; path = SecondViewController.swift; sourceTree = "<group>"; };
		40D9F7ABB7EA3317F71E12AA /* Pods-Huo360.release.xcconfig */ = {isa = PBXFileReference; includeInIndex = 1; lastKnownFileType = text.xcconfig; name = "Pods-Huo360.release.xcconfig"; path = "Pods/Target Support Files/Pods-Huo360/Pods-Huo360.release.xcconfig"; sourceTree = "<group>"; };
		613109411E295FE1009296F0 /* UILabelExtension.swift */ = {isa = PBXFileReference; fileEncoding = 4; lastKnownFileType = sourcecode.swift; path = UILabelExtension.swift; sourceTree = "<group>"; };
		61373AF21E26219900B4264C /* Data.swift */ = {isa = PBXFileReference; fileEncoding = 4; lastKnownFileType = sourcecode.swift; path = Data.swift; sourceTree = "<group>"; };
		61373AF41E267B8B00B4264C /* HuoObject.swift */ = {isa = PBXFileReference; fileEncoding = 4; lastKnownFileType = sourcecode.swift; path = HuoObject.swift; sourceTree = "<group>"; };
		61373AF61E268DBD00B4264C /* Parse2HuoObj.swift */ = {isa = PBXFileReference; fileEncoding = 4; lastKnownFileType = sourcecode.swift; path = Parse2HuoObj.swift; sourceTree = "<group>"; };
		61373AF81E26D21D00B4264C /* CloseHTML.swift */ = {isa = PBXFileReference; fileEncoding = 4; lastKnownFileType = sourcecode.swift; path = CloseHTML.swift; sourceTree = "<group>"; };
		6152AE9F1E28D8CA00DA094E /* NewsViewCell.swift */ = {isa = PBXFileReference; fileEncoding = 4; lastKnownFileType = sourcecode.swift; path = NewsViewCell.swift; sourceTree = "<group>"; };
		6152AEA11E29154600DA094E /* UIImageViewExtension.swift */ = {isa = PBXFileReference; fileEncoding = 4; lastKnownFileType = sourcecode.swift; name = UIImageViewExtension.swift; path = ../Models/UIImageViewExtension.swift; sourceTree = "<group>"; };
		6152AEA31E292ABE00DA094E /* NewsArticleViewController.swift */ = {isa = PBXFileReference; fileEncoding = 4; lastKnownFileType = sourcecode.swift; path = NewsArticleViewController.swift; sourceTree = "<group>"; };
		6153C2E61E226041007268E9 /* Huo360.app */ = {isa = PBXFileReference; explicitFileType = wrapper.application; includeInIndex = 0; path = Huo360.app; sourceTree = BUILT_PRODUCTS_DIR; };
		6153C2E91E226041007268E9 /* AppDelegate.swift */ = {isa = PBXFileReference; lastKnownFileType = sourcecode.swift; path = AppDelegate.swift; sourceTree = "<group>"; };
		6153C2F01E226042007268E9 /* Base */ = {isa = PBXFileReference; lastKnownFileType = file.storyboard; name = Base; path = Base.lproj/Main.storyboard; sourceTree = "<group>"; };
		6153C2F21E226042007268E9 /* Assets.xcassets */ = {isa = PBXFileReference; lastKnownFileType = folder.assetcatalog; path = Assets.xcassets; sourceTree = "<group>"; };
		6153C2F51E226042007268E9 /* Base */ = {isa = PBXFileReference; lastKnownFileType = file.storyboard; name = Base; path = Base.lproj/LaunchScreen.storyboard; sourceTree = "<group>"; };
		6153C2F71E226042007268E9 /* Info.plist */ = {isa = PBXFileReference; lastKnownFileType = text.plist.xml; path = Info.plist; sourceTree = "<group>"; };
		6153C2FC1E226042007268E9 /* Huo360Tests.xctest */ = {isa = PBXFileReference; explicitFileType = wrapper.cfbundle; includeInIndex = 0; path = Huo360Tests.xctest; sourceTree = BUILT_PRODUCTS_DIR; };
		6153C3001E226042007268E9 /* Huo360Tests.swift */ = {isa = PBXFileReference; lastKnownFileType = sourcecode.swift; path = Huo360Tests.swift; sourceTree = "<group>"; };
		6153C3021E226042007268E9 /* Info.plist */ = {isa = PBXFileReference; lastKnownFileType = text.plist.xml; path = Info.plist; sourceTree = "<group>"; };
		6153C3071E226042007268E9 /* Huo360UITests.xctest */ = {isa = PBXFileReference; explicitFileType = wrapper.cfbundle; includeInIndex = 0; path = Huo360UITests.xctest; sourceTree = BUILT_PRODUCTS_DIR; };
		6153C30B1E226042007268E9 /* Huo360UITests.swift */ = {isa = PBXFileReference; lastKnownFileType = sourcecode.swift; path = Huo360UITests.swift; sourceTree = "<group>"; };
		6153C30D1E226042007268E9 /* Info.plist */ = {isa = PBXFileReference; lastKnownFileType = text.plist.xml; path = Info.plist; sourceTree = "<group>"; };
		6153C31B1E23D59B007268E9 /* HTTP.swift */ = {isa = PBXFileReference; fileEncoding = 4; lastKnownFileType = sourcecode.swift; path = HTTP.swift; sourceTree = "<group>"; };
		6153C31D1E23D5AD007268E9 /* HTMLParser.swift */ = {isa = PBXFileReference; fileEncoding = 4; lastKnownFileType = sourcecode.swift; path = HTMLParser.swift; sourceTree = "<group>"; };
		C5AD36C20B8D75ADD769F58F /* Pods-Huo360.debug.xcconfig */ = {isa = PBXFileReference; includeInIndex = 1; lastKnownFileType = text.xcconfig; name = "Pods-Huo360.debug.xcconfig"; path = "Pods/Target Support Files/Pods-Huo360/Pods-Huo360.debug.xcconfig"; sourceTree = "<group>"; };
/* End PBXFileReference section */

/* Begin PBXFrameworksBuildPhase section */
		6153C2E31E226041007268E9 /* Frameworks */ = {
			isa = PBXFrameworksBuildPhase;
			buildActionMask = 2147483647;
			files = (
				2DA7826FB0B5038EBD823AB2 /* Pods_Huo360.framework in Frameworks */,
			);
			runOnlyForDeploymentPostprocessing = 0;
		};
		6153C2F91E226042007268E9 /* Frameworks */ = {
			isa = PBXFrameworksBuildPhase;
			buildActionMask = 2147483647;
			files = (
			);
			runOnlyForDeploymentPostprocessing = 0;
		};
		6153C3041E226042007268E9 /* Frameworks */ = {
			isa = PBXFrameworksBuildPhase;
			buildActionMask = 2147483647;
			files = (
			);
			runOnlyForDeploymentPostprocessing = 0;
		};
/* End PBXFrameworksBuildPhase section */

/* Begin PBXGroup section */
		3E2EE0785750A45875B8130F /* Models */ = {
			isa = PBXGroup;
			children = (
				3E2EE9A61F23DAA63803749C /* Crawler.swift */,
				6153C31B1E23D59B007268E9 /* HTTP.swift */,
				6153C31D1E23D5AD007268E9 /* HTMLParser.swift */,
				61373AF21E26219900B4264C /* Data.swift */,
				61373AF41E267B8B00B4264C /* HuoObject.swift */,
				61373AF61E268DBD00B4264C /* Parse2HuoObj.swift */,
				61373AF81E26D21D00B4264C /* CloseHTML.swift */,
			);
			path = Models;
			sourceTree = "<group>";
		};
		3E2EE57026313AED11DAFEAF /* Controllers */ = {
			isa = PBXGroup;
			children = (
				3E2EE439786E6A26326E4093 /* NewsViewController.swift */,
				3E2EEE2FEFEC8DD2EE45AC30 /* SecondViewController.swift */,
				6152AEA31E292ABE00DA094E /* NewsArticleViewController.swift */,
			);
			path = Controllers;
			sourceTree = "<group>";
		};
		3E2EEE87B7135CE43E8C2CEE /* Views */ = {
			isa = PBXGroup;
			children = (
				6152AEA11E29154600DA094E /* UIImageViewExtension.swift */,
				6152AE9F1E28D8CA00DA094E /* NewsViewCell.swift */,
				613109411E295FE1009296F0 /* UILabelExtension.swift */,
			);
			path = Views;
			sourceTree = "<group>";
		};
		6153C2DD1E226041007268E9 = {
			isa = PBXGroup;
			children = (
				6153C2E81E226041007268E9 /* Huo360 */,
				6153C2FF1E226042007268E9 /* Huo360Tests */,
				6153C30A1E226042007268E9 /* Huo360UITests */,
				6153C2E71E226041007268E9 /* Products */,
				94BA0ACDE7B07E3849D3993B /* Pods */,
				9406F89E5A0FFA30C63B4D76 /* Frameworks */,
			);
			sourceTree = "<group>";
		};
		6153C2E71E226041007268E9 /* Products */ = {
			isa = PBXGroup;
			children = (
				6153C2E61E226041007268E9 /* Huo360.app */,
				6153C2FC1E226042007268E9 /* Huo360Tests.xctest */,
				6153C3071E226042007268E9 /* Huo360UITests.xctest */,
			);
			name = Products;
			sourceTree = "<group>";
		};
		6153C2E81E226041007268E9 /* Huo360 */ = {
			isa = PBXGroup;
			children = (
				6153C2E91E226041007268E9 /* AppDelegate.swift */,
				6153C2EF1E226042007268E9 /* Main.storyboard */,
				6153C2F21E226042007268E9 /* Assets.xcassets */,
				6153C2F41E226042007268E9 /* LaunchScreen.storyboard */,
				6153C2F71E226042007268E9 /* Info.plist */,
				3E2EE57026313AED11DAFEAF /* Controllers */,
				3E2EE0785750A45875B8130F /* Models */,
				3E2EEE87B7135CE43E8C2CEE /* Views */,
			);
			path = Huo360;
			sourceTree = "<group>";
		};
		6153C2FF1E226042007268E9 /* Huo360Tests */ = {
			isa = PBXGroup;
			children = (
				6153C3001E226042007268E9 /* Huo360Tests.swift */,
				6153C3021E226042007268E9 /* Info.plist */,
			);
			path = Huo360Tests;
			sourceTree = "<group>";
		};
		6153C30A1E226042007268E9 /* Huo360UITests */ = {
			isa = PBXGroup;
			children = (
				6153C30B1E226042007268E9 /* Huo360UITests.swift */,
				6153C30D1E226042007268E9 /* Info.plist */,
			);
			path = Huo360UITests;
			sourceTree = "<group>";
		};
		9406F89E5A0FFA30C63B4D76 /* Frameworks */ = {
			isa = PBXGroup;
			children = (
				17152D3604CC0D0D74F5BEC9 /* Pods_Huo360.framework */,
			);
			name = Frameworks;
			sourceTree = "<group>";
		};
		94BA0ACDE7B07E3849D3993B /* Pods */ = {
			isa = PBXGroup;
			children = (
				C5AD36C20B8D75ADD769F58F /* Pods-Huo360.debug.xcconfig */,
				40D9F7ABB7EA3317F71E12AA /* Pods-Huo360.release.xcconfig */,
			);
			name = Pods;
			sourceTree = "<group>";
		};
/* End PBXGroup section */

/* Begin PBXNativeTarget section */
		6153C2E51E226041007268E9 /* Huo360 */ = {
			isa = PBXNativeTarget;
			buildConfigurationList = 6153C3101E226042007268E9 /* Build configuration list for PBXNativeTarget "Huo360" */;
			buildPhases = (
				7CCE426640CBC59BCE649844 /* [CP] Check Pods Manifest.lock */,
				6153C2E21E226041007268E9 /* Sources */,
				6153C2E31E226041007268E9 /* Frameworks */,
				6153C2E41E226041007268E9 /* Resources */,
				884096830BFFEB7E30A919F2 /* [CP] Embed Pods Frameworks */,
				2B35673647E28F8725F00525 /* [CP] Copy Pods Resources */,
			);
			buildRules = (
			);
			dependencies = (
			);
			name = Huo360;
			productName = Huo360;
			productReference = 6153C2E61E226041007268E9 /* Huo360.app */;
			productType = "com.apple.product-type.application";
		};
		6153C2FB1E226042007268E9 /* Huo360Tests */ = {
			isa = PBXNativeTarget;
			buildConfigurationList = 6153C3131E226042007268E9 /* Build configuration list for PBXNativeTarget "Huo360Tests" */;
			buildPhases = (
				6153C2F81E226042007268E9 /* Sources */,
				6153C2F91E226042007268E9 /* Frameworks */,
				6153C2FA1E226042007268E9 /* Resources */,
			);
			buildRules = (
			);
			dependencies = (
				6153C2FE1E226042007268E9 /* PBXTargetDependency */,
			);
			name = Huo360Tests;
			productName = Huo360Tests;
			productReference = 6153C2FC1E226042007268E9 /* Huo360Tests.xctest */;
			productType = "com.apple.product-type.bundle.unit-test";
		};
		6153C3061E226042007268E9 /* Huo360UITests */ = {
			isa = PBXNativeTarget;
			buildConfigurationList = 6153C3161E226042007268E9 /* Build configuration list for PBXNativeTarget "Huo360UITests" */;
			buildPhases = (
				6153C3031E226042007268E9 /* Sources */,
				6153C3041E226042007268E9 /* Frameworks */,
				6153C3051E226042007268E9 /* Resources */,
			);
			buildRules = (
			);
			dependencies = (
				6153C3091E226042007268E9 /* PBXTargetDependency */,
			);
			name = Huo360UITests;
			productName = Huo360UITests;
			productReference = 6153C3071E226042007268E9 /* Huo360UITests.xctest */;
			productType = "com.apple.product-type.bundle.ui-testing";
		};
/* End PBXNativeTarget section */

/* Begin PBXProject section */
		6153C2DE1E226041007268E9 /* Project object */ = {
			isa = PBXProject;
			attributes = {
				LastSwiftUpdateCheck = 0730;
				LastUpgradeCheck = 0820;
				ORGANIZATIONNAME = Cloud;
				TargetAttributes = {
					6153C2E51E226041007268E9 = {
						CreatedOnToolsVersion = 7.3.1;
						DevelopmentTeam = 4TUP24K85A;
						LastSwiftMigration = 0820;
					};
					6153C2FB1E226042007268E9 = {
						CreatedOnToolsVersion = 7.3.1;
						DevelopmentTeam = 4TUP24K85A;
						LastSwiftMigration = 0820;
						TestTargetID = 6153C2E51E226041007268E9;
					};
					6153C3061E226042007268E9 = {
						CreatedOnToolsVersion = 7.3.1;
						DevelopmentTeam = 4TUP24K85A;
						LastSwiftMigration = 0820;
						TestTargetID = 6153C2E51E226041007268E9;
					};
				};
			};
			buildConfigurationList = 6153C2E11E226041007268E9 /* Build configuration list for PBXProject "Huo360" */;
			compatibilityVersion = "Xcode 3.2";
			developmentRegion = English;
			hasScannedForEncodings = 0;
			knownRegions = (
				en,
				Base,
			);
			mainGroup = 6153C2DD1E226041007268E9;
			productRefGroup = 6153C2E71E226041007268E9 /* Products */;
			projectDirPath = "";
			projectRoot = "";
			targets = (
				6153C2E51E226041007268E9 /* Huo360 */,
				6153C2FB1E226042007268E9 /* Huo360Tests */,
				6153C3061E226042007268E9 /* Huo360UITests */,
			);
		};
/* End PBXProject section */

/* Begin PBXResourcesBuildPhase section */
		6153C2E41E226041007268E9 /* Resources */ = {
			isa = PBXResourcesBuildPhase;
			buildActionMask = 2147483647;
			files = (
				6153C2F61E226042007268E9 /* LaunchScreen.storyboard in Resources */,
				6153C2F31E226042007268E9 /* Assets.xcassets in Resources */,
				6153C2F11E226042007268E9 /* Main.storyboard in Resources */,
			);
			runOnlyForDeploymentPostprocessing = 0;
		};
		6153C2FA1E226042007268E9 /* Resources */ = {
			isa = PBXResourcesBuildPhase;
			buildActionMask = 2147483647;
			files = (
			);
			runOnlyForDeploymentPostprocessing = 0;
		};
		6153C3051E226042007268E9 /* Resources */ = {
			isa = PBXResourcesBuildPhase;
			buildActionMask = 2147483647;
			files = (
			);
			runOnlyForDeploymentPostprocessing = 0;
		};
/* End PBXResourcesBuildPhase section */

/* Begin PBXShellScriptBuildPhase section */
		2B35673647E28F8725F00525 /* [CP] Copy Pods Resources */ = {
			isa = PBXShellScriptBuildPhase;
			buildActionMask = 2147483647;
			files = (
			);
			inputPaths = (
			);
			name = "[CP] Copy Pods Resources";
			outputPaths = (
			);
			runOnlyForDeploymentPostprocessing = 0;
			shellPath = /bin/sh;
			shellScript = "\"${SRCROOT}/Pods/Target Support Files/Pods-Huo360/Pods-Huo360-resources.sh\"\n";
			showEnvVarsInLog = 0;
		};
		7CCE426640CBC59BCE649844 /* [CP] Check Pods Manifest.lock */ = {
			isa = PBXShellScriptBuildPhase;
			buildActionMask = 2147483647;
			files = (
			);
			inputPaths = (
			);
			name = "[CP] Check Pods Manifest.lock";
			outputPaths = (
			);
			runOnlyForDeploymentPostprocessing = 0;
			shellPath = /bin/sh;
			shellScript = "diff \"${PODS_ROOT}/../Podfile.lock\" \"${PODS_ROOT}/Manifest.lock\" > /dev/null\nif [ $? != 0 ] ; then\n    # print error to STDERR\n    echo \"error: The sandbox is not in sync with the Podfile.lock. Run 'pod install' or update your CocoaPods installation.\" >&2\n    exit 1\nfi\n";
			showEnvVarsInLog = 0;
		};
		884096830BFFEB7E30A919F2 /* [CP] Embed Pods Frameworks */ = {
			isa = PBXShellScriptBuildPhase;
			buildActionMask = 2147483647;
			files = (
			);
			inputPaths = (
			);
			name = "[CP] Embed Pods Frameworks";
			outputPaths = (
			);
			runOnlyForDeploymentPostprocessing = 0;
			shellPath = /bin/sh;
			shellScript = "\"${SRCROOT}/Pods/Target Support Files/Pods-Huo360/Pods-Huo360-frameworks.sh\"\n";
			showEnvVarsInLog = 0;
		};
/* End PBXShellScriptBuildPhase section */

/* Begin PBXSourcesBuildPhase section */
		6153C2E21E226041007268E9 /* Sources */ = {
			isa = PBXSourcesBuildPhase;
			buildActionMask = 2147483647;
			files = (
				610A142A1E27AF9F00D158FD /* Crawler.swift in Sources */,
				610A142C1E27AFBA00D158FD /* CloseHTML.swift in Sources */,
				61373AF51E267B8B00B4264C /* HuoObject.swift in Sources */,
				6152AEA01E28D8CA00DA094E /* NewsViewCell.swift in Sources */,
				613109421E295FE1009296F0 /* UILabelExtension.swift in Sources */,
				6153C31C1E23D59B007268E9 /* HTTP.swift in Sources */,
				61373AF71E268DBD00B4264C /* Parse2HuoObj.swift in Sources */,
				6152AEA41E292ABE00DA094E /* NewsArticleViewController.swift in Sources */,
				6153C2EA1E226041007268E9 /* AppDelegate.swift in Sources */,
				6152AEA21E29154600DA094E /* UIImageViewExtension.swift in Sources */,
				6153C31E1E23D5AD007268E9 /* HTMLParser.swift in Sources */,
				3E2EEED038007EB297F87CF4 /* NewsViewController.swift in Sources */,
				610A142B1E27AFB700D158FD /* Data.swift in Sources */,
				3E2EE0FB5ADE2B8B387053F6 /* SecondViewController.swift in Sources */,
			);
			runOnlyForDeploymentPostprocessing = 0;
		};
		6153C2F81E226042007268E9 /* Sources */ = {
			isa = PBXSourcesBuildPhase;
			buildActionMask = 2147483647;
			files = (
				6153C3011E226042007268E9 /* Huo360Tests.swift in Sources */,
			);
			runOnlyForDeploymentPostprocessing = 0;
		};
		6153C3031E226042007268E9 /* Sources */ = {
			isa = PBXSourcesBuildPhase;
			buildActionMask = 2147483647;
			files = (
				6153C30C1E226042007268E9 /* Huo360UITests.swift in Sources */,
			);
			runOnlyForDeploymentPostprocessing = 0;
		};
/* End PBXSourcesBuildPhase section */

/* Begin PBXTargetDependency section */
		6153C2FE1E226042007268E9 /* PBXTargetDependency */ = {
			isa = PBXTargetDependency;
			target = 6153C2E51E226041007268E9 /* Huo360 */;
			targetProxy = 6153C2FD1E226042007268E9 /* PBXContainerItemProxy */;
		};
		6153C3091E226042007268E9 /* PBXTargetDependency */ = {
			isa = PBXTargetDependency;
			target = 6153C2E51E226041007268E9 /* Huo360 */;
			targetProxy = 6153C3081E226042007268E9 /* PBXContainerItemProxy */;
		};
/* End PBXTargetDependency section */

/* Begin PBXVariantGroup section */
		6153C2EF1E226042007268E9 /* Main.storyboard */ = {
			isa = PBXVariantGroup;
			children = (
				6153C2F01E226042007268E9 /* Base */,
			);
			name = Main.storyboard;
			sourceTree = "<group>";
		};
		6153C2F41E226042007268E9 /* LaunchScreen.storyboard */ = {
			isa = PBXVariantGroup;
			children = (
				6153C2F51E226042007268E9 /* Base */,
			);
			name = LaunchScreen.storyboard;
			sourceTree = "<group>";
		};
/* End PBXVariantGroup section */

/* Begin XCBuildConfiguration section */
		6153C30E1E226042007268E9 /* Debug */ = {
			isa = XCBuildConfiguration;
			buildSettings = {
				ALWAYS_SEARCH_USER_PATHS = NO;
				CLANG_ANALYZER_NONNULL = YES;
				CLANG_CXX_LANGUAGE_STANDARD = "gnu++0x";
				CLANG_CXX_LIBRARY = "libc++";
				CLANG_ENABLE_MODULES = YES;
				CLANG_ENABLE_OBJC_ARC = YES;
				CLANG_WARN_BOOL_CONVERSION = YES;
				CLANG_WARN_CONSTANT_CONVERSION = YES;
				CLANG_WARN_DIRECT_OBJC_ISA_USAGE = YES_ERROR;
				CLANG_WARN_EMPTY_BODY = YES;
				CLANG_WARN_ENUM_CONVERSION = YES;
				CLANG_WARN_INFINITE_RECURSION = YES;
				CLANG_WARN_INT_CONVERSION = YES;
				CLANG_WARN_OBJC_ROOT_CLASS = YES_ERROR;
				CLANG_WARN_SUSPICIOUS_MOVE = YES;
				CLANG_WARN_UNREACHABLE_CODE = YES;
				CLANG_WARN__DUPLICATE_METHOD_MATCH = YES;
				"CODE_SIGN_IDENTITY[sdk=iphoneos*]" = "iPhone Developer";
				COPY_PHASE_STRIP = NO;
				DEBUG_INFORMATION_FORMAT = dwarf;
				ENABLE_STRICT_OBJC_MSGSEND = YES;
				ENABLE_TESTABILITY = YES;
				GCC_C_LANGUAGE_STANDARD = gnu99;
				GCC_DYNAMIC_NO_PIC = NO;
				GCC_NO_COMMON_BLOCKS = YES;
				GCC_OPTIMIZATION_LEVEL = 0;
				GCC_PREPROCESSOR_DEFINITIONS = (
					"DEBUG=1",
					"$(inherited)",
				);
				GCC_WARN_64_TO_32_BIT_CONVERSION = YES;
				GCC_WARN_ABOUT_RETURN_TYPE = YES_ERROR;
				GCC_WARN_UNDECLARED_SELECTOR = YES;
				GCC_WARN_UNINITIALIZED_AUTOS = YES_AGGRESSIVE;
				GCC_WARN_UNUSED_FUNCTION = YES;
				GCC_WARN_UNUSED_VARIABLE = YES;
				IPHONEOS_DEPLOYMENT_TARGET = 9.3;
				MTL_ENABLE_DEBUG_INFO = YES;
				ONLY_ACTIVE_ARCH = YES;
				SDKROOT = iphoneos;
				SWIFT_OPTIMIZATION_LEVEL = "-Onone";
				TARGETED_DEVICE_FAMILY = "1,2";
			};
			name = Debug;
		};
		6153C30F1E226042007268E9 /* Release */ = {
			isa = XCBuildConfiguration;
			buildSettings = {
				ALWAYS_SEARCH_USER_PATHS = NO;
				CLANG_ANALYZER_NONNULL = YES;
				CLANG_CXX_LANGUAGE_STANDARD = "gnu++0x";
				CLANG_CXX_LIBRARY = "libc++";
				CLANG_ENABLE_MODULES = YES;
				CLANG_ENABLE_OBJC_ARC = YES;
				CLANG_WARN_BOOL_CONVERSION = YES;
				CLANG_WARN_CONSTANT_CONVERSION = YES;
				CLANG_WARN_DIRECT_OBJC_ISA_USAGE = YES_ERROR;
				CLANG_WARN_EMPTY_BODY = YES;
				CLANG_WARN_ENUM_CONVERSION = YES;
				CLANG_WARN_INFINITE_RECURSION = YES;
				CLANG_WARN_INT_CONVERSION = YES;
				CLANG_WARN_OBJC_ROOT_CLASS = YES_ERROR;
				CLANG_WARN_SUSPICIOUS_MOVE = YES;
				CLANG_WARN_UNREACHABLE_CODE = YES;
				CLANG_WARN__DUPLICATE_METHOD_MATCH = YES;
				"CODE_SIGN_IDENTITY[sdk=iphoneos*]" = "iPhone Developer";
				COPY_PHASE_STRIP = NO;
				DEBUG_INFORMATION_FORMAT = "dwarf-with-dsym";
				ENABLE_NS_ASSERTIONS = NO;
				ENABLE_STRICT_OBJC_MSGSEND = YES;
				GCC_C_LANGUAGE_STANDARD = gnu99;
				GCC_NO_COMMON_BLOCKS = YES;
				GCC_WARN_64_TO_32_BIT_CONVERSION = YES;
				GCC_WARN_ABOUT_RETURN_TYPE = YES_ERROR;
				GCC_WARN_UNDECLARED_SELECTOR = YES;
				GCC_WARN_UNINITIALIZED_AUTOS = YES_AGGRESSIVE;
				GCC_WARN_UNUSED_FUNCTION = YES;
				GCC_WARN_UNUSED_VARIABLE = YES;
				IPHONEOS_DEPLOYMENT_TARGET = 9.3;
				MTL_ENABLE_DEBUG_INFO = NO;
				SDKROOT = iphoneos;
				SWIFT_OPTIMIZATION_LEVEL = "-Owholemodule";
				TARGETED_DEVICE_FAMILY = "1,2";
				VALIDATE_PRODUCT = YES;
			};
			name = Release;
		};
		6153C3111E226042007268E9 /* Debug */ = {
			isa = XCBuildConfiguration;
			baseConfigurationReference = C5AD36C20B8D75ADD769F58F /* Pods-Huo360.debug.xcconfig */;
			buildSettings = {
				ALWAYS_EMBED_SWIFT_STANDARD_LIBRARIES = YES;
				ASSETCATALOG_COMPILER_APPICON_NAME = AppIcon;
				INFOPLIST_FILE = Huo360/Info.plist;
				LD_RUNPATH_SEARCH_PATHS = "$(inherited) @executable_path/Frameworks";
				PRODUCT_BUNDLE_IDENTIFIER = Cloud.Huo360;
				PRODUCT_NAME = "$(TARGET_NAME)";
				SWIFT_VERSION = 3.0;
			};
			name = Debug;
		};
		6153C3121E226042007268E9 /* Release */ = {
			isa = XCBuildConfiguration;
			baseConfigurationReference = 40D9F7ABB7EA3317F71E12AA /* Pods-Huo360.release.xcconfig */;
			buildSettings = {
				ALWAYS_EMBED_SWIFT_STANDARD_LIBRARIES = YES;
				ASSETCATALOG_COMPILER_APPICON_NAME = AppIcon;
				INFOPLIST_FILE = Huo360/Info.plist;
				LD_RUNPATH_SEARCH_PATHS = "$(inherited) @executable_path/Frameworks";
				PRODUCT_BUNDLE_IDENTIFIER = Cloud.Huo360;
				PRODUCT_NAME = "$(TARGET_NAME)";
				SWIFT_VERSION = 3.0;
			};
			name = Release;
		};
		6153C3141E226042007268E9 /* Debug */ = {
			isa = XCBuildConfiguration;
			buildSettings = {
				BUNDLE_LOADER = "$(TEST_HOST)";
				INFOPLIST_FILE = Huo360Tests/Info.plist;
				LD_RUNPATH_SEARCH_PATHS = "$(inherited) @executable_path/Frameworks @loader_path/Frameworks";
				PRODUCT_BUNDLE_IDENTIFIER = Cloud.Huo360Tests;
				PRODUCT_NAME = "$(TARGET_NAME)";
				SWIFT_VERSION = 3.0;
				TEST_HOST = "$(BUILT_PRODUCTS_DIR)/Huo360.app/Huo360";
			};
			name = Debug;
		};
		6153C3151E226042007268E9 /* Release */ = {
			isa = XCBuildConfiguration;
			buildSettings = {
				BUNDLE_LOADER = "$(TEST_HOST)";
				INFOPLIST_FILE = Huo360Tests/Info.plist;
				LD_RUNPATH_SEARCH_PATHS = "$(inherited) @executable_path/Frameworks @loader_path/Frameworks";
				PRODUCT_BUNDLE_IDENTIFIER = Cloud.Huo360Tests;
				PRODUCT_NAME = "$(TARGET_NAME)";
				SWIFT_VERSION = 3.0;
				TEST_HOST = "$(BUILT_PRODUCTS_DIR)/Huo360.app/Huo360";
			};
			name = Release;
		};
		6153C3171E226042007268E9 /* Debug */ = {
			isa = XCBuildConfiguration;
			buildSettings = {
				INFOPLIST_FILE = Huo360UITests/Info.plist;
				LD_RUNPATH_SEARCH_PATHS = "$(inherited) @executable_path/Frameworks @loader_path/Frameworks";
				PRODUCT_BUNDLE_IDENTIFIER = Cloud.Huo360UITests;
				PRODUCT_NAME = "$(TARGET_NAME)";
				SWIFT_VERSION = 3.0;
				TEST_TARGET_NAME = Huo360;
			};
			name = Debug;
		};
		6153C3181E226042007268E9 /* Release */ = {
			isa = XCBuildConfiguration;
			buildSettings = {
				INFOPLIST_FILE = Huo360UITests/Info.plist;
				LD_RUNPATH_SEARCH_PATHS = "$(inherited) @executable_path/Frameworks @loader_path/Frameworks";
				PRODUCT_BUNDLE_IDENTIFIER = Cloud.Huo360UITests;
				PRODUCT_NAME = "$(TARGET_NAME)";
				SWIFT_VERSION = 3.0;
				TEST_TARGET_NAME = Huo360;
			};
			name = Release;
		};
/* End XCBuildConfiguration section */

/* Begin XCConfigurationList section */
		6153C2E11E226041007268E9 /* Build configuration list for PBXProject "Huo360" */ = {
			isa = XCConfigurationList;
			buildConfigurations = (
				6153C30E1E226042007268E9 /* Debug */,
				6153C30F1E226042007268E9 /* Release */,
			);
			defaultConfigurationIsVisible = 0;
			defaultConfigurationName = Release;
		};
		6153C3101E226042007268E9 /* Build configuration list for PBXNativeTarget "Huo360" */ = {
			isa = XCConfigurationList;
			buildConfigurations = (
				6153C3111E226042007268E9 /* Debug */,
				6153C3121E226042007268E9 /* Release */,
			);
			defaultConfigurationIsVisible = 0;
			defaultConfigurationName = Release;
		};
		6153C3131E226042007268E9 /* Build configuration list for PBXNativeTarget "Huo360Tests" */ = {
			isa = XCConfigurationList;
			buildConfigurations = (
				6153C3141E226042007268E9 /* Debug */,
				6153C3151E226042007268E9 /* Release */,
			);
			defaultConfigurationIsVisible = 0;
			defaultConfigurationName = Release;
		};
		6153C3161E226042007268E9 /* Build configuration list for PBXNativeTarget "Huo360UITests" */ = {
			isa = XCConfigurationList;
			buildConfigurations = (
				6153C3171E226042007268E9 /* Debug */,
				6153C3181E226042007268E9 /* Release */,
			);
			defaultConfigurationIsVisible = 0;
			defaultConfigurationName = Release;
		};
/* End XCConfigurationList section */
	};
	rootObject = 6153C2DE1E226041007268E9 /* Project object */;
}
